
Microsoft Visual Studio Solution File, Format Version 12.00
# Visual Studio Version 17
VisualStudioVersion = 17.8.34330.188
MinimumVisualStudioVersion = 10.0.40219.1
Project("{FAE04EC0-301F-11D3-BF4B-00C04F79EFBC}") = "form_editor", "form_editor.csproj", "{A0FB4FB2-1042-4786-B5FD-FEDEAC97574E}"
EndProject
Global
	GlobalSection(SolutionConfigurationPlatforms) = preSolution
		Debug|Any CPU = Debug|Any CPU
		Release|Any CPU = Release|Any CPU
	EndGlobalSection
	GlobalSection(ProjectConfigurationPlatforms) = postSolution
		{A0FB4FB2-1042-4786-B5FD-FEDEAC97574E}.Debug|Any CPU.ActiveCfg = Debug|Any CPU
		{A0FB4FB2-1042-4786-B5FD-FEDEAC97574E}.Debug|Any CPU.Build.0 = Debug|Any CPU
		{A0FB4FB2-1042-4786-B5FD-FEDEAC97574E}.Release|Any CPU.ActiveCfg = Release|Any CPU
		{A0FB4FB2-1042-4786-B5FD-FEDEAC97574E}.Release|Any CPU.Build.0 = Release|Any CPU
	EndGlobalSection
	GlobalSection(SolutionProperties) = preSolution
		HideSolutionNode = FALSE
	EndGlobalSection
	GlobalSection(ExtensibilityGlobals) = postSolution
		SolutionGuid = {625A78B0-EC4F-41A1-8043-061C6D045873}
	EndGlobalSection
EndGlobal
