
Microsoft Visual Studio Solution File, Format Version 12.00
# Visual Studio Version 17
VisualStudioVersion = 17.7.34202.233
MinimumVisualStudioVersion = 10.0.40219.1
Project("{FAE04EC0-301F-11D3-BF4B-00C04F79EFBC}") = "test02-List", "test02-List.csproj", "{D1599BBB-C825-4300-84F8-2C146ABEFD17}"
EndProject
Global
	GlobalSection(SolutionConfigurationPlatforms) = preSolution
		Debug|Any CPU = Debug|Any CPU
		Release|Any CPU = Release|Any CPU
	EndGlobalSection
	GlobalSection(ProjectConfigurationPlatforms) = postSolution
		{D1599BBB-C825-4300-84F8-2C146ABEFD17}.Debug|Any CPU.ActiveCfg = Debug|Any CPU
		{D1599BBB-C825-4300-84F8-2C146ABEFD17}.Debug|Any CPU.Build.0 = Debug|Any CPU
		{D1599BBB-C825-4300-84F8-2C146ABEFD17}.Release|Any CPU.ActiveCfg = Release|Any CPU
		{D1599BBB-C825-4300-84F8-2C146ABEFD17}.Release|Any CPU.Build.0 = Release|Any CPU
	EndGlobalSection
	GlobalSection(SolutionProperties) = preSolution
		HideSolutionNode = FALSE
	EndGlobalSection
	GlobalSection(ExtensibilityGlobals) = postSolution
		SolutionGuid = {AE82CB81-B80B-47C1-9FE1-D160389460A6}
	EndGlobalSection
EndGlobal
